{
  "name": "qmoosa-master-operating-system",
  "version": "0.1.3",
  "lockfileVersion": 3,
  "requires": true,
  "packages": {
    "": {
      "name": "qmoosa-master-operating-system",
      "version": "0.1.3",
      "workspaces": [
        "app"
      ],
      "dependencies": {
        "@noble/hashes": "2.4.0",
        "@noble/post-quantum": "0.7.1"
      },
      "devDependencies": {
        "tsx": "4.20.3"
      }
    },
    "app": {
      "name": "bountyhunter-os-app",
      "version": "0.1.1",
      "devDependencies": {
        "vite": "^7.0.0"
      }
    }
  }
}
